
Microsoft Visual Studio Solution File, Format Version 11.00
# Visual Studio 2010
Project("{FAE04EC0-301F-11D3-BF4B-00C04F79EFBC}") = "AndroidStringResourceTranslator", "AndroidStringResourceTranslator\AndroidStringResourceTranslator.csproj", "{F160CCF6-2D3E-45BA-AD40-9332C512A80D}"
EndProject
Project("{FAE04EC0-301F-11D3-BF4B-00C04F79EFBC}") = "TranslatorInterface", "TranslatorInterface\TranslatorInterface.csproj", "{ACDAC244-AC12-4655-BA6B-63592C8F3E3D}"
EndProject
Project("{FAE04EC0-301F-11D3-BF4B-00C04F79EFBC}") = "AndroidProjectManipulator", "AndroidProjectManipulator\AndroidProjectManipulator.csproj", "{F49D708F-0BBC-4789-9452-A4B49F5239D7}"
EndProject
Global
	GlobalSection(SolutionConfigurationPlatforms) = preSolution
		Debug|Any CPU = Debug|Any CPU
		Debug|Mixed Platforms = Debug|Mixed Platforms
		Debug|x86 = Debug|x86
		Release|Any CPU = Release|Any CPU
		Release|Mixed Platforms = Release|Mixed Platforms
		Release|x86 = Release|x86
	EndGlobalSection
	GlobalSection(ProjectConfigurationPlatforms) = postSolution
		{F160CCF6-2D3E-45BA-AD40-9332C512A80D}.Debug|Any CPU.ActiveCfg = Debug|x86
		{F160CCF6-2D3E-45BA-AD40-9332C512A80D}.Debug|Mixed Platforms.ActiveCfg = Debug|x86
		{F160CCF6-2D3E-45BA-AD40-9332C512A80D}.Debug|Mixed Platforms.Build.0 = Debug|x86
		{F160CCF6-2D3E-45BA-AD40-9332C512A80D}.Debug|x86.ActiveCfg = Debug|x86
		{F160CCF6-2D3E-45BA-AD40-9332C512A80D}.Debug|x86.Build.0 = Debug|x86
		{F160CCF6-2D3E-45BA-AD40-9332C512A80D}.Release|Any CPU.ActiveCfg = Release|x86
		{F160CCF6-2D3E-45BA-AD40-9332C512A80D}.Release|Mixed Platforms.ActiveCfg = Release|x86
		{F160CCF6-2D3E-45BA-AD40-9332C512A80D}.Release|Mixed Platforms.Build.0 = Release|x86
		{F160CCF6-2D3E-45BA-AD40-9332C512A80D}.Release|x86.ActiveCfg = Release|x86
		{F160CCF6-2D3E-45BA-AD40-9332C512A80D}.Release|x86.Build.0 = Release|x86
		{ACDAC244-AC12-4655-BA6B-63592C8F3E3D}.Debug|Any CPU.ActiveCfg = Debug|Any CPU
		{ACDAC244-AC12-4655-BA6B-63592C8F3E3D}.Debug|Any CPU.Build.0 = Debug|Any CPU
		{ACDAC244-AC12-4655-BA6B-63592C8F3E3D}.Debug|Mixed Platforms.ActiveCfg = Debug|Any CPU
		{ACDAC244-AC12-4655-BA6B-63592C8F3E3D}.Debug|Mixed Platforms.Build.0 = Debug|Any CPU
		{ACDAC244-AC12-4655-BA6B-63592C8F3E3D}.Debug|x86.ActiveCfg = Debug|Any CPU
		{ACDAC244-AC12-4655-BA6B-63592C8F3E3D}.Release|Any CPU.ActiveCfg = Release|Any CPU
		{ACDAC244-AC12-4655-BA6B-63592C8F3E3D}.Release|Any CPU.Build.0 = Release|Any CPU
		{ACDAC244-AC12-4655-BA6B-63592C8F3E3D}.Release|Mixed Platforms.ActiveCfg = Release|Any CPU
		{ACDAC244-AC12-4655-BA6B-63592C8F3E3D}.Release|Mixed Platforms.Build.0 = Release|Any CPU
		{ACDAC244-AC12-4655-BA6B-63592C8F3E3D}.Release|x86.ActiveCfg = Release|Any CPU
		{F49D708F-0BBC-4789-9452-A4B49F5239D7}.Debug|Any CPU.ActiveCfg = Debug|Any CPU
		{F49D708F-0BBC-4789-9452-A4B49F5239D7}.Debug|Any CPU.Build.0 = Debug|Any CPU
		{F49D708F-0BBC-4789-9452-A4B49F5239D7}.Debug|Mixed Platforms.ActiveCfg = Debug|Any CPU
		{F49D708F-0BBC-4789-9452-A4B49F5239D7}.Debug|Mixed Platforms.Build.0 = Debug|Any CPU
		{F49D708F-0BBC-4789-9452-A4B49F5239D7}.Debug|x86.ActiveCfg = Debug|Any CPU
		{F49D708F-0BBC-4789-9452-A4B49F5239D7}.Release|Any CPU.ActiveCfg = Release|Any CPU
		{F49D708F-0BBC-4789-9452-A4B49F5239D7}.Release|Any CPU.Build.0 = Release|Any CPU
		{F49D708F-0BBC-4789-9452-A4B49F5239D7}.Release|Mixed Platforms.ActiveCfg = Release|Any CPU
		{F49D708F-0BBC-4789-9452-A4B49F5239D7}.Release|Mixed Platforms.Build.0 = Release|Any CPU
		{F49D708F-0BBC-4789-9452-A4B49F5239D7}.Release|x86.ActiveCfg = Release|Any CPU
	EndGlobalSection
	GlobalSection(SolutionProperties) = preSolution
		HideSolutionNode = FALSE
	EndGlobalSection
EndGlobal
